
Microsoft Visual Studio Solution File, Format Version 12.00
# Visual Studio Version 16
VisualStudioVersion = 16.0.31313.79
MinimumVisualStudioVersion = 10.0.40219.1
Project("{FAE04EC0-301F-11D3-BF4B-00C04F79EFBC}") = "WinForms C - Eje3", "WinForms C - Eje3\WinForms C - Eje3.csproj", "{AAC86AD6-DA5C-4647-953F-93F3CCF63278}"
EndProject
Global
	GlobalSection(SolutionConfigurationPlatforms) = preSolution
		Debug|Any CPU = Debug|Any CPU
		Release|Any CPU = Release|Any CPU
	EndGlobalSection
	GlobalSection(ProjectConfigurationPlatforms) = postSolution
		{AAC86AD6-DA5C-4647-953F-93F3CCF63278}.Debug|Any CPU.ActiveCfg = Debug|Any CPU
		{AAC86AD6-DA5C-4647-953F-93F3CCF63278}.Debug|Any CPU.Build.0 = Debug|Any CPU
		{AAC86AD6-DA5C-4647-953F-93F3CCF63278}.Release|Any CPU.ActiveCfg = Release|Any CPU
		{AAC86AD6-DA5C-4647-953F-93F3CCF63278}.Release|Any CPU.Build.0 = Release|Any CPU
	EndGlobalSection
	GlobalSection(SolutionProperties) = preSolution
		HideSolutionNode = FALSE
	EndGlobalSection
	GlobalSection(ExtensibilityGlobals) = postSolution
		SolutionGuid = {783BF9C7-BA90-4042-A206-45B23BFDBFA1}
	EndGlobalSection
EndGlobal
